// !$*UTF8*$!
{
	archiveVersion = 1;
	classes = {
	};
	objectVersion = 46;
	objects = {

/* Begin PBXBuildFile section */
		60340BD5A1A153243C92F0CC /* libPods-快递100.a in Frameworks */ = {isa = PBXBuildFile; fileRef = A5340A408635991550983469 /* libPods-快递100.a */; };
		847AC4BE1E028A560086BCAA /* main.m in Sources */ = {isa = PBXBuildFile; fileRef = 847AC4BD1E028A560086BCAA /* main.m */; };
		847AC4C11E028A560086BCAA /* AppDelegate.m in Sources */ = {isa = PBXBuildFile; fileRef = 847AC4C01E028A560086BCAA /* AppDelegate.m */; };
		847AC4C41E028A560086BCAA /* ViewController.m in Sources */ = {isa = PBXBuildFile; fileRef = 847AC4C31E028A560086BCAA /* ViewController.m */; };
		847AC4C71E028A560086BCAA /* Main.storyboard in Resources */ = {isa = PBXBuildFile; fileRef = 847AC4C51E028A560086BCAA /* Main.storyboard */; };
		847AC4CC1E028A560086BCAA /* LaunchScreen.storyboard in Resources */ = {isa = PBXBuildFile; fileRef = 847AC4CA1E028A560086BCAA /* LaunchScreen.storyboard */; };
		847AC4D51E028B7A0086BCAA /* Message.m in Sources */ = {isa = PBXBuildFile; fileRef = 847AC4D41E028B7A0086BCAA /* Message.m */; };
		847AC4DC1E0292830086BCAA /* TableViewCell.m in Sources */ = {isa = PBXBuildFile; fileRef = 847AC4DA1E0292830086BCAA /* TableViewCell.m */; };
		84899D941E03B83B0082D0B8 /* ExpressPhoneNum.m in Sources */ = {isa = PBXBuildFile; fileRef = 84899D911E03B83B0082D0B8 /* ExpressPhoneNum.m */; };
		84899D9F1E03BC040082D0B8 /* ExpressPhoneNumViewController.xib in Resources */ = {isa = PBXBuildFile; fileRef = 84899D9D1E03BC040082D0B8 /* ExpressPhoneNumViewController.xib */; };
		84899DA21E03BC3C0082D0B8 /* ExpressPhoneNumViewController.m in Sources */ = {isa = PBXBuildFile; fileRef = 84899DA11E03BC3C0082D0B8 /* ExpressPhoneNumViewController.m */; };
		84899DA41E03BDEC0082D0B8 /* bule.jpg in Resources */ = {isa = PBXBuildFile; fileRef = 84899DA31E03BDEC0082D0B8 /* bule.jpg */; };
		84899DAF1E03C3A10082D0B8 /* QrcodeViewController.m in Sources */ = {isa = PBXBuildFile; fileRef = 84899DAE1E03C3A10082D0B8 /* QrcodeViewController.m */; };
		84899DB21E03C3AC0082D0B8 /* UIViewExt.m in Sources */ = {isa = PBXBuildFile; fileRef = 84899DB11E03C3AC0082D0B8 /* UIViewExt.m */; };
		84899DB51E03C4860082D0B8 /* pick_bg@2x.png in Resources */ = {isa = PBXBuildFile; fileRef = 84899DB31E03C4860082D0B8 /* pick_bg@2x.png */; };
		84899DB61E03C4860082D0B8 /* top_bar_return@2x.png in Resources */ = {isa = PBXBuildFile; fileRef = 84899DB41E03C4860082D0B8 /* top_bar_return@2x.png */; };
		84899DB81E03C4AB0082D0B8 /* line@2x.png in Resources */ = {isa = PBXBuildFile; fileRef = 84899DB71E03C4AB0082D0B8 /* line@2x.png */; };
		84899DC31E03C9090082D0B8 /* icon.png in Resources */ = {isa = PBXBuildFile; fileRef = 84899DC21E03C9090082D0B8 /* icon.png */; };
		84899DD01E03CDFE0082D0B8 /* FMDatabase.m in Sources */ = {isa = PBXBuildFile; fileRef = 84899DC61E03CDFE0082D0B8 /* FMDatabase.m */; };
		84899DD11E03CDFE0082D0B8 /* FMDatabaseAdditions.m in Sources */ = {isa = PBXBuildFile; fileRef = 84899DC81E03CDFE0082D0B8 /* FMDatabaseAdditions.m */; };
		84899DD21E03CDFE0082D0B8 /* FMDatabasePool.m in Sources */ = {isa = PBXBuildFile; fileRef = 84899DCA1E03CDFE0082D0B8 /* FMDatabasePool.m */; };
		84899DD31E03CDFE0082D0B8 /* FMDatabaseQueue.m in Sources */ = {isa = PBXBuildFile; fileRef = 84899DCC1E03CDFE0082D0B8 /* FMDatabaseQueue.m */; };
		84899DD41E03CDFE0082D0B8 /* FMResultSet.m in Sources */ = {isa = PBXBuildFile; fileRef = 84899DCF1E03CDFE0082D0B8 /* FMResultSet.m */; };
		84899DD61E03CE180082D0B8 /* libsqlite3.tbd in Frameworks */ = {isa = PBXBuildFile; fileRef = 84899DD51E03CE180082D0B8 /* libsqlite3.tbd */; };
		84899DDC1E03CE300082D0B8 /* DataBaseManager.m in Sources */ = {isa = PBXBuildFile; fileRef = 84899DDB1E03CE300082D0B8 /* DataBaseManager.m */; };
		84899DE01E03D52F0082D0B8 /* ExpressHistoryViewController.m in Sources */ = {isa = PBXBuildFile; fileRef = 84899DDF1E03D52F0082D0B8 /* ExpressHistoryViewController.m */; };
		84C23AD71E037FCF00FE5D9D /* MD5.m in Sources */ = {isa = PBXBuildFile; fileRef = 84C23AD61E037FCF00FE5D9D /* MD5.m */; };
		84C23ADA1E03830A00FE5D9D /* HttpEngine.m in Sources */ = {isa = PBXBuildFile; fileRef = 84C23AD91E03830A00FE5D9D /* HttpEngine.m */; };
		84C23ADF1E038B2D00FE5D9D /* FirstViewController.m in Sources */ = {isa = PBXBuildFile; fileRef = 84C23ADD1E038B2D00FE5D9D /* FirstViewController.m */; };
		84C23AE01E038B2D00FE5D9D /* FirstViewController.xib in Resources */ = {isa = PBXBuildFile; fileRef = 84C23ADE1E038B2D00FE5D9D /* FirstViewController.xib */; };
		84C23AE41E038D9D00FE5D9D /* Shippers.m in Sources */ = {isa = PBXBuildFile; fileRef = 84C23AE31E038D9D00FE5D9D /* Shippers.m */; };
		84C23AE71E03904200FE5D9D /* SelectedViewController.m in Sources */ = {isa = PBXBuildFile; fileRef = 84C23AE61E03904200FE5D9D /* SelectedViewController.m */; };
/* End PBXBuildFile section */

/* Begin PBXFileReference section */
		478C580446372DA1E89BA421 /* Pods-快递100.release.xcconfig */ = {isa = PBXFileReference; includeInIndex = 1; lastKnownFileType = text.xcconfig; name = "Pods-快递100.release.xcconfig"; path = "Pods/Target Support Files/Pods-快递100/Pods-快递100.release.xcconfig"; sourceTree = "<group>"; };
		847AC4B91E028A560086BCAA /* 快递100.app */ = {isa = PBXFileReference; explicitFileType = wrapper.application; includeInIndex = 0; path = "快递100.app"; sourceTree = BUILT_PRODUCTS_DIR; };
		847AC4BD1E028A560086BCAA /* main.m */ = {isa = PBXFileReference; lastKnownFileType = sourcecode.c.objc; path = main.m; sourceTree = "<group>"; };
		847AC4BF1E028A560086BCAA /* AppDelegate.h */ = {isa = PBXFileReference; lastKnownFileType = sourcecode.c.h; path = AppDelegate.h; sourceTree = "<group>"; };
		847AC4C01E028A560086BCAA /* AppDelegate.m */ = {isa = PBXFileReference; lastKnownFileType = sourcecode.c.objc; path = AppDelegate.m; sourceTree = "<group>"; };
		847AC4C21E028A560086BCAA /* ViewController.h */ = {isa = PBXFileReference; lastKnownFileType = sourcecode.c.h; path = ViewController.h; sourceTree = "<group>"; };
		847AC4C31E028A560086BCAA /* ViewController.m */ = {isa = PBXFileReference; lastKnownFileType = sourcecode.c.objc; path = ViewController.m; sourceTree = "<group>"; };
		847AC4C61E028A560086BCAA /* Base */ = {isa = PBXFileReference; lastKnownFileType = file.storyboard; name = Base; path = Base.lproj/Main.storyboard; sourceTree = "<group>"; };
		847AC4CB1E028A560086BCAA /* Base */ = {isa = PBXFileReference; lastKnownFileType = file.storyboard; name = Base; path = Base.lproj/LaunchScreen.storyboard; sourceTree = "<group>"; };
		847AC4CD1E028A560086BCAA /* Info.plist */ = {isa = PBXFileReference; lastKnownFileType = text.plist.xml; path = Info.plist; sourceTree = "<group>"; };
		847AC4D31E028B7A0086BCAA /* Message.h */ = {isa = PBXFileReference; fileEncoding = 4; lastKnownFileType = sourcecode.c.h; path = Message.h; sourceTree = "<group>"; };
		847AC4D41E028B7A0086BCAA /* Message.m */ = {isa = PBXFileReference; fileEncoding = 4; lastKnownFileType = sourcecode.c.objc; path = Message.m; sourceTree = "<group>"; };
		847AC4D91E0292830086BCAA /* TableViewCell.h */ = {isa = PBXFileReference; fileEncoding = 4; lastKnownFileType = sourcecode.c.h; path = TableViewCell.h; sourceTree = "<group>"; };
		847AC4DA1E0292830086BCAA /* TableViewCell.m */ = {isa = PBXFileReference; fileEncoding = 4; lastKnownFileType = sourcecode.c.objc; path = TableViewCell.m; sourceTree = "<group>"; };
		84899D901E03B83B0082D0B8 /* ExpressPhoneNum.h */ = {isa = PBXFileReference; fileEncoding = 4; lastKnownFileType = sourcecode.c.h; path = ExpressPhoneNum.h; sourceTree = "<group>"; };
		84899D911E03B83B0082D0B8 /* ExpressPhoneNum.m */ = {isa = PBXFileReference; fileEncoding = 4; lastKnownFileType = sourcecode.c.objc; path = ExpressPhoneNum.m; sourceTree = "<group>"; };
		84899D9D1E03BC040082D0B8 /* ExpressPhoneNumViewController.xib */ = {isa = PBXFileReference; fileEncoding = 4; lastKnownFileType = file.xib; path = ExpressPhoneNumViewController.xib; sourceTree = "<group>"; };
		84899DA01E03BC3C0082D0B8 /* ExpressPhoneNumViewController.h */ = {isa = PBXFileReference; fileEncoding = 4; lastKnownFileType = sourcecode.c.h; path = ExpressPhoneNumViewController.h; sourceTree = "<group>"; };
		84899DA11E03BC3C0082D0B8 /* ExpressPhoneNumViewController.m */ = {isa = PBXFileReference; fileEncoding = 4; lastKnownFileType = sourcecode.c.objc; path = ExpressPhoneNumViewController.m; sourceTree = "<group>"; };
		84899DA31E03BDEC0082D0B8 /* bule.jpg */ = {isa = PBXFileReference; lastKnownFileType = image.jpeg; path = bule.jpg; sourceTree = "<group>"; };
		84899DAD1E03C3A10082D0B8 /* QrcodeViewController.h */ = {isa = PBXFileReference; fileEncoding = 4; lastKnownFileType = sourcecode.c.h; path = QrcodeViewController.h; sourceTree = "<group>"; };
		84899DAE1E03C3A10082D0B8 /* QrcodeViewController.m */ = {isa = PBXFileReference; fileEncoding = 4; lastKnownFileType = sourcecode.c.objc; path = QrcodeViewController.m; sourceTree = "<group>"; };
		84899DB01E03C3AC0082D0B8 /* UIViewExt.h */ = {isa = PBXFileReference; fileEncoding = 4; lastKnownFileType = sourcecode.c.h; path = UIViewExt.h; sourceTree = "<group>"; };
		84899DB11E03C3AC0082D0B8 /* UIViewExt.m */ = {isa = PBXFileReference; fileEncoding = 4; lastKnownFileType = sourcecode.c.objc; path = UIViewExt.m; sourceTree = "<group>"; };
		84899DB31E03C4860082D0B8 /* pick_bg@2x.png */ = {isa = PBXFileReference; lastKnownFileType = image.png; path = "pick_bg@2x.png"; sourceTree = "<group>"; };
		84899DB41E03C4860082D0B8 /* top_bar_return@2x.png */ = {isa = PBXFileReference; lastKnownFileType = image.png; path = "top_bar_return@2x.png"; sourceTree = "<group>"; };
		84899DB71E03C4AB0082D0B8 /* line@2x.png */ = {isa = PBXFileReference; lastKnownFileType = image.png; path = "line@2x.png"; sourceTree = "<group>"; };
		84899DC21E03C9090082D0B8 /* icon.png */ = {isa = PBXFileReference; lastKnownFileType = image.png; path = icon.png; sourceTree = "<group>"; };
		84899DC51E03CDFE0082D0B8 /* FMDatabase.h */ = {isa = PBXFileReference; fileEncoding = 4; lastKnownFileType = sourcecode.c.h; path = FMDatabase.h; sourceTree = "<group>"; };
		84899DC61E03CDFE0082D0B8 /* FMDatabase.m */ = {isa = PBXFileReference; fileEncoding = 4; lastKnownFileType = sourcecode.c.objc; path = FMDatabase.m; sourceTree = "<group>"; };
		84899DC71E03CDFE0082D0B8 /* FMDatabaseAdditions.h */ = {isa = PBXFileReference; fileEncoding = 4; lastKnownFileType = sourcecode.c.h; path = FMDatabaseAdditions.h; sourceTree = "<group>"; };
		84899DC81E03CDFE0082D0B8 /* FMDatabaseAdditions.m */ = {isa = PBXFileReference; fileEncoding = 4; lastKnownFileType = sourcecode.c.objc; path = FMDatabaseAdditions.m; sourceTree = "<group>"; };
		84899DC91E03CDFE0082D0B8 /* FMDatabasePool.h */ = {isa = PBXFileReference; fileEncoding = 4; lastKnownFileType = sourcecode.c.h; path = FMDatabasePool.h; sourceTree = "<group>"; };
		84899DCA1E03CDFE0082D0B8 /* FMDatabasePool.m */ = {isa = PBXFileReference; fileEncoding = 4; lastKnownFileType = sourcecode.c.objc; path = FMDatabasePool.m; sourceTree = "<group>"; };
		84899DCB1E03CDFE0082D0B8 /* FMDatabaseQueue.h */ = {isa = PBXFileReference; fileEncoding = 4; lastKnownFileType = sourcecode.c.h; path = FMDatabaseQueue.h; sourceTree = "<group>"; };
		84899DCC1E03CDFE0082D0B8 /* FMDatabaseQueue.m */ = {isa = PBXFileReference; fileEncoding = 4; lastKnownFileType = sourcecode.c.objc; path = FMDatabaseQueue.m; sourceTree = "<group>"; };
		84899DCD1E03CDFE0082D0B8 /* FMDB.h */ = {isa = PBXFileReference; fileEncoding = 4; lastKnownFileType = sourcecode.c.h; path = FMDB.h; sourceTree = "<group>"; };
		84899DCE1E03CDFE0082D0B8 /* FMResultSet.h */ = {isa = PBXFileReference; fileEncoding = 4; lastKnownFileType = sourcecode.c.h; path = FMResultSet.h; sourceTree = "<group>"; };
		84899DCF1E03CDFE0082D0B8 /* FMResultSet.m */ = {isa = PBXFileReference; fileEncoding = 4; lastKnownFileType = sourcecode.c.objc; path = FMResultSet.m; sourceTree = "<group>"; };
		84899DD51E03CE180082D0B8 /* libsqlite3.tbd */ = {isa = PBXFileReference; lastKnownFileType = "sourcecode.text-based-dylib-definition"; name = libsqlite3.tbd; path = usr/lib/libsqlite3.tbd; sourceTree = SDKROOT; };
		84899DDA1E03CE300082D0B8 /* DataBaseManager.h */ = {isa = PBXFileReference; fileEncoding = 4; lastKnownFileType = sourcecode.c.h; path = DataBaseManager.h; sourceTree = "<group>"; };
		84899DDB1E03CE300082D0B8 /* DataBaseManager.m */ = {isa = PBXFileReference; fileEncoding = 4; lastKnownFileType = sourcecode.c.objc; path = DataBaseManager.m; sourceTree = "<group>"; };
		84899DDE1E03D52F0082D0B8 /* ExpressHistoryViewController.h */ = {isa = PBXFileReference; fileEncoding = 4; lastKnownFileType = sourcecode.c.h; path = ExpressHistoryViewController.h; sourceTree = "<group>"; };
		84899DDF1E03D52F0082D0B8 /* ExpressHistoryViewController.m */ = {isa = PBXFileReference; fileEncoding = 4; lastKnownFileType = sourcecode.c.objc; path = ExpressHistoryViewController.m; sourceTree = "<group>"; };
		84C23AD51E037FCF00FE5D9D /* MD5.h */ = {isa = PBXFileReference; fileEncoding = 4; lastKnownFileType = sourcecode.c.h; path = MD5.h; sourceTree = "<group>"; };
		84C23AD61E037FCF00FE5D9D /* MD5.m */ = {isa = PBXFileReference; fileEncoding = 4; lastKnownFileType = sourcecode.c.objc; path = MD5.m; sourceTree = "<group>"; };
		84C23AD81E03830A00FE5D9D /* HttpEngine.h */ = {isa = PBXFileReference; fileEncoding = 4; lastKnownFileType = sourcecode.c.h; path = HttpEngine.h; sourceTree = "<group>"; };
		84C23AD91E03830A00FE5D9D /* HttpEngine.m */ = {isa = PBXFileReference; fileEncoding = 4; lastKnownFileType = sourcecode.c.objc; path = HttpEngine.m; sourceTree = "<group>"; };
		84C23ADC1E038B2D00FE5D9D /* FirstViewController.h */ = {isa = PBXFileReference; fileEncoding = 4; lastKnownFileType = sourcecode.c.h; path = FirstViewController.h; sourceTree = "<group>"; };
		84C23ADD1E038B2D00FE5D9D /* FirstViewController.m */ = {isa = PBXFileReference; fileEncoding = 4; lastKnownFileType = sourcecode.c.objc; path = FirstViewController.m; sourceTree = "<group>"; };
		84C23ADE1E038B2D00FE5D9D /* FirstViewController.xib */ = {isa = PBXFileReference; fileEncoding = 4; lastKnownFileType = file.xib; path = FirstViewController.xib; sourceTree = "<group>"; };
		84C23AE21E038D9D00FE5D9D /* Shippers.h */ = {isa = PBXFileReference; fileEncoding = 4; lastKnownFileType = sourcecode.c.h; path = Shippers.h; sourceTree = "<group>"; };
		84C23AE31E038D9D00FE5D9D /* Shippers.m */ = {isa = PBXFileReference; fileEncoding = 4; lastKnownFileType = sourcecode.c.objc; path = Shippers.m; sourceTree = "<group>"; };
		84C23AE51E03904200FE5D9D /* SelectedViewController.h */ = {isa = PBXFileReference; fileEncoding = 4; lastKnownFileType = sourcecode.c.h; path = SelectedViewController.h; sourceTree = "<group>"; };
		84C23AE61E03904200FE5D9D /* SelectedViewController.m */ = {isa = PBXFileReference; fileEncoding = 4; lastKnownFileType = sourcecode.c.objc; path = SelectedViewController.m; sourceTree = "<group>"; };
		A5340A408635991550983469 /* libPods-快递100.a */ = {isa = PBXFileReference; explicitFileType = archive.ar; includeInIndex = 0; path = "libPods-快递100.a"; sourceTree = BUILT_PRODUCTS_DIR; };
		A8C4B7379EEE26C980BC1081 /* Pods-快递100.debug.xcconfig */ = {isa = PBXFileReference; includeInIndex = 1; lastKnownFileType = text.xcconfig; name = "Pods-快递100.debug.xcconfig"; path = "Pods/Target Support Files/Pods-快递100/Pods-快递100.debug.xcconfig"; sourceTree = "<group>"; };
/* End PBXFileReference section */

/* Begin PBXFrameworksBuildPhase section */
		847AC4B61E028A560086BCAA /* Frameworks */ = {
			isa = PBXFrameworksBuildPhase;
			buildActionMask = 2147483647;
			files = (
				84899DD61E03CE180082D0B8 /* libsqlite3.tbd in Frameworks */,
				60340BD5A1A153243C92F0CC /* libPods-快递100.a in Frameworks */,
			);
			runOnlyForDeploymentPostprocessing = 0;
		};
/* End PBXFrameworksBuildPhase section */

/* Begin PBXGroup section */
		39B91EFC28E0B6F33FB65CB1 /* Pods */ = {
			isa = PBXGroup;
			children = (
				A8C4B7379EEE26C980BC1081 /* Pods-快递100.debug.xcconfig */,
				478C580446372DA1E89BA421 /* Pods-快递100.release.xcconfig */,
			);
			name = Pods;
			sourceTree = "<group>";
		};
		847AC4B01E028A560086BCAA = {
			isa = PBXGroup;
			children = (
				84899DC41E03CDFE0082D0B8 /* FMDB */,
				847AC4BB1E028A560086BCAA /* 快递100 */,
				847AC4BA1E028A560086BCAA /* Products */,
				39B91EFC28E0B6F33FB65CB1 /* Pods */,
				8643B9A8E79BD7642DC15845 /* Frameworks */,
			);
			sourceTree = "<group>";
		};
		847AC4BA1E028A560086BCAA /* Products */ = {
			isa = PBXGroup;
			children = (
				847AC4B91E028A560086BCAA /* 快递100.app */,
			);
			name = Products;
			sourceTree = "<group>";
		};
		847AC4BB1E028A560086BCAA /* 快递100 */ = {
			isa = PBXGroup;
			children = (
				84899DDD1E03D46C0082D0B8 /* 历史记录 */,
				84899DC21E03C9090082D0B8 /* icon.png */,
				84899DB91E03C5170082D0B8 /* 打电话 */,
				84899D8F1E03B8320082D0B8 /* 二维码 */,
				84C23AE81E039E3D00FE5D9D /* 详情 */,
				84C23AE11E038D5300FE5D9D /* 开始页 */,
				84C23ADB1E0385A300FE5D9D /* httpTool */,
				847AC4BF1E028A560086BCAA /* AppDelegate.h */,
				847AC4C01E028A560086BCAA /* AppDelegate.m */,
				847AC4C51E028A560086BCAA /* Main.storyboard */,
				847AC4CA1E028A560086BCAA /* LaunchScreen.storyboard */,
				847AC4CD1E028A560086BCAA /* Info.plist */,
				847AC4BC1E028A560086BCAA /* Supporting Files */,
			);
			path = "快递100";
			sourceTree = "<group>";
		};
		847AC4BC1E028A560086BCAA /* Supporting Files */ = {
			isa = PBXGroup;
			children = (
				847AC4BD1E028A560086BCAA /* main.m */,
			);
			name = "Supporting Files";
			sourceTree = "<group>";
		};
		84899D8F1E03B8320082D0B8 /* 二维码 */ = {
			isa = PBXGroup;
			children = (
				84899DB71E03C4AB0082D0B8 /* line@2x.png */,
				84899DB31E03C4860082D0B8 /* pick_bg@2x.png */,
				84899DB41E03C4860082D0B8 /* top_bar_return@2x.png */,
				84899DB01E03C3AC0082D0B8 /* UIViewExt.h */,
				84899DB11E03C3AC0082D0B8 /* UIViewExt.m */,
				84899DAD1E03C3A10082D0B8 /* QrcodeViewController.h */,
				84899DAE1E03C3A10082D0B8 /* QrcodeViewController.m */,
			);
			name = "二维码";
			sourceTree = "<group>";
		};
		84899DB91E03C5170082D0B8 /* 打电话 */ = {
			isa = PBXGroup;
			children = (
				84899DA31E03BDEC0082D0B8 /* bule.jpg */,
				84899DA01E03BC3C0082D0B8 /* ExpressPhoneNumViewController.h */,
				84899DA11E03BC3C0082D0B8 /* ExpressPhoneNumViewController.m */,
				84899D901E03B83B0082D0B8 /* ExpressPhoneNum.h */,
				84899D911E03B83B0082D0B8 /* ExpressPhoneNum.m */,
				84899D9D1E03BC040082D0B8 /* ExpressPhoneNumViewController.xib */,
			);
			name = "打电话";
			sourceTree = "<group>";
		};
		84899DC41E03CDFE0082D0B8 /* FMDB */ = {
			isa = PBXGroup;
			children = (
				84899DDA1E03CE300082D0B8 /* DataBaseManager.h */,
				84899DDB1E03CE300082D0B8 /* DataBaseManager.m */,
				84899DC51E03CDFE0082D0B8 /* FMDatabase.h */,
				84899DC61E03CDFE0082D0B8 /* FMDatabase.m */,
				84899DC71E03CDFE0082D0B8 /* FMDatabaseAdditions.h */,
				84899DC81E03CDFE0082D0B8 /* FMDatabaseAdditions.m */,
				84899DC91E03CDFE0082D0B8 /* FMDatabasePool.h */,
				84899DCA1E03CDFE0082D0B8 /* FMDatabasePool.m */,
				84899DCB1E03CDFE0082D0B8 /* FMDatabaseQueue.h */,
				84899DCC1E03CDFE0082D0B8 /* FMDatabaseQueue.m */,
				84899DCD1E03CDFE0082D0B8 /* FMDB.h */,
				84899DCE1E03CDFE0082D0B8 /* FMResultSet.h */,
				84899DCF1E03CDFE0082D0B8 /* FMResultSet.m */,
			);
			path = FMDB;
			sourceTree = "<group>";
		};
		84899DDD1E03D46C0082D0B8 /* 历史记录 */ = {
			isa = PBXGroup;
			children = (
				84899DDE1E03D52F0082D0B8 /* ExpressHistoryViewController.h */,
				84899DDF1E03D52F0082D0B8 /* ExpressHistoryViewController.m */,
			);
			name = "历史记录";
			sourceTree = "<group>";
		};
		84C23ADB1E0385A300FE5D9D /* httpTool */ = {
			isa = PBXGroup;
			children = (
				84C23AD81E03830A00FE5D9D /* HttpEngine.h */,
				84C23AD91E03830A00FE5D9D /* HttpEngine.m */,
				84C23AD51E037FCF00FE5D9D /* MD5.h */,
				84C23AD61E037FCF00FE5D9D /* MD5.m */,
			);
			name = httpTool;
			sourceTree = "<group>";
		};
		84C23AE11E038D5300FE5D9D /* 开始页 */ = {
			isa = PBXGroup;
			children = (
				84C23ADC1E038B2D00FE5D9D /* FirstViewController.h */,
				84C23ADD1E038B2D00FE5D9D /* FirstViewController.m */,
				84C23ADE1E038B2D00FE5D9D /* FirstViewController.xib */,
				84C23AE21E038D9D00FE5D9D /* Shippers.h */,
				84C23AE31E038D9D00FE5D9D /* Shippers.m */,
				84C23AE51E03904200FE5D9D /* SelectedViewController.h */,
				84C23AE61E03904200FE5D9D /* SelectedViewController.m */,
			);
			name = "开始页";
			sourceTree = "<group>";
		};
		84C23AE81E039E3D00FE5D9D /* 详情 */ = {
			isa = PBXGroup;
			children = (
				847AC4D31E028B7A0086BCAA /* Message.h */,
				847AC4D41E028B7A0086BCAA /* Message.m */,
				847AC4D91E0292830086BCAA /* TableViewCell.h */,
				847AC4DA1E0292830086BCAA /* TableViewCell.m */,
				847AC4C21E028A560086BCAA /* ViewController.h */,
				847AC4C31E028A560086BCAA /* ViewController.m */,
			);
			name = "详情";
			sourceTree = "<group>";
		};
		8643B9A8E79BD7642DC15845 /* Frameworks */ = {
			isa = PBXGroup;
			children = (
				84899DD51E03CE180082D0B8 /* libsqlite3.tbd */,
				A5340A408635991550983469 /* libPods-快递100.a */,
			);
			name = Frameworks;
			sourceTree = "<group>";
		};
/* End PBXGroup section */

/* Begin PBXNativeTarget section */
		847AC4B81E028A560086BCAA /* 快递100 */ = {
			isa = PBXNativeTarget;
			buildConfigurationList = 847AC4D01E028A560086BCAA /* Build configuration list for PBXNativeTarget "快递100" */;
			buildPhases = (
				249C92CAC9AD803C620B0BDB /* [CP] Check Pods Manifest.lock */,
				847AC4B51E028A560086BCAA /* Sources */,
				847AC4B61E028A560086BCAA /* Frameworks */,
				847AC4B71E028A560086BCAA /* Resources */,
				EE621BDA7A2A20D608E96F96 /* [CP] Embed Pods Frameworks */,
				F95D9B21D2B83B29703F423B /* [CP] Copy Pods Resources */,
			);
			buildRules = (
			);
			dependencies = (
			);
			name = "快递100";
			productName = "快递100";
			productReference = 847AC4B91E028A560086BCAA /* 快递100.app */;
			productType = "com.apple.product-type.application";
		};
/* End PBXNativeTarget section */

/* Begin PBXProject section */
		847AC4B11E028A560086BCAA /* Project object */ = {
			isa = PBXProject;
			attributes = {
				LastUpgradeCheck = 0820;
				ORGANIZATIONNAME = admin;
				TargetAttributes = {
					847AC4B81E028A560086BCAA = {
						CreatedOnToolsVersion = 8.2;
						DevelopmentTeam = N86962KK4D;
						ProvisioningStyle = Automatic;
					};
				};
			};
			buildConfigurationList = 847AC4B41E028A560086BCAA /* Build configuration list for PBXProject "快递100" */;
			compatibilityVersion = "Xcode 3.2";
			developmentRegion = English;
			hasScannedForEncodings = 0;
			knownRegions = (
				en,
				Base,
			);
			mainGroup = 847AC4B01E028A560086BCAA;
			productRefGroup = 847AC4BA1E028A560086BCAA /* Products */;
			projectDirPath = "";
			projectRoot = "";
			targets = (
				847AC4B81E028A560086BCAA /* 快递100 */,
			);
		};
/* End PBXProject section */

/* Begin PBXResourcesBuildPhase section */
		847AC4B71E028A560086BCAA /* Resources */ = {
			isa = PBXResourcesBuildPhase;
			buildActionMask = 2147483647;
			files = (
				84899DB61E03C4860082D0B8 /* top_bar_return@2x.png in Resources */,
				84899DB51E03C4860082D0B8 /* pick_bg@2x.png in Resources */,
				84899DC31E03C9090082D0B8 /* icon.png in Resources */,
				847AC4CC1E028A560086BCAA /* LaunchScreen.storyboard in Resources */,
				84899DA41E03BDEC0082D0B8 /* bule.jpg in Resources */,
				84899D9F1E03BC040082D0B8 /* ExpressPhoneNumViewController.xib in Resources */,
				847AC4C71E028A560086BCAA /* Main.storyboard in Resources */,
				84899DB81E03C4AB0082D0B8 /* line@2x.png in Resources */,
				84C23AE01E038B2D00FE5D9D /* FirstViewController.xib in Resources */,
			);
			runOnlyForDeploymentPostprocessing = 0;
		};
/* End PBXResourcesBuildPhase section */

/* Begin PBXShellScriptBuildPhase section */
		249C92CAC9AD803C620B0BDB /* [CP] Check Pods Manifest.lock */ = {
			isa = PBXShellScriptBuildPhase;
			buildActionMask = 2147483647;
			files = (
			);
			inputPaths = (
			);
			name = "[CP] Check Pods Manifest.lock";
			outputPaths = (
			);
			runOnlyForDeploymentPostprocessing = 0;
			shellPath = /bin/sh;
			shellScript = "diff \"${PODS_ROOT}/../Podfile.lock\" \"${PODS_ROOT}/Manifest.lock\" > /dev/null\nif [ $? != 0 ] ; then\n    # print error to STDERR\n    echo \"error: The sandbox is not in sync with the Podfile.lock. Run 'pod install' or update your CocoaPods installation.\" >&2\n    exit 1\nfi\n";
			showEnvVarsInLog = 0;
		};
		EE621BDA7A2A20D608E96F96 /* [CP] Embed Pods Frameworks */ = {
			isa = PBXShellScriptBuildPhase;
			buildActionMask = 2147483647;
			files = (
			);
			inputPaths = (
			);
			name = "[CP] Embed Pods Frameworks";
			outputPaths = (
			);
			runOnlyForDeploymentPostprocessing = 0;
			shellPath = /bin/sh;
			shellScript = "\"${SRCROOT}/Pods/Target Support Files/Pods-快递100/Pods-快递100-frameworks.sh\"\n";
			showEnvVarsInLog = 0;
		};
		F95D9B21D2B83B29703F423B /* [CP] Copy Pods Resources */ = {
			isa = PBXShellScriptBuildPhase;
			buildActionMask = 2147483647;
			files = (
			);
			inputPaths = (
			);
			name = "[CP] Copy Pods Resources";
			outputPaths = (
			);
			runOnlyForDeploymentPostprocessing = 0;
			shellPath = /bin/sh;
			shellScript = "\"${SRCROOT}/Pods/Target Support Files/Pods-快递100/Pods-快递100-resources.sh\"\n";
			showEnvVarsInLog = 0;
		};
/* End PBXShellScriptBuildPhase section */

/* Begin PBXSourcesBuildPhase section */
		847AC4B51E028A560086BCAA /* Sources */ = {
			isa = PBXSourcesBuildPhase;
			buildActionMask = 2147483647;
			files = (
				84899DB21E03C3AC0082D0B8 /* UIViewExt.m in Sources */,
				84C23AD71E037FCF00FE5D9D /* MD5.m in Sources */,
				84C23AE71E03904200FE5D9D /* SelectedViewController.m in Sources */,
				84899DD01E03CDFE0082D0B8 /* FMDatabase.m in Sources */,
				84899DDC1E03CE300082D0B8 /* DataBaseManager.m in Sources */,
				847AC4C41E028A560086BCAA /* ViewController.m in Sources */,
				84899DD41E03CDFE0082D0B8 /* FMResultSet.m in Sources */,
				84899DAF1E03C3A10082D0B8 /* QrcodeViewController.m in Sources */,
				84C23ADA1E03830A00FE5D9D /* HttpEngine.m in Sources */,
				84899DE01E03D52F0082D0B8 /* ExpressHistoryViewController.m in Sources */,
				84899DD11E03CDFE0082D0B8 /* FMDatabaseAdditions.m in Sources */,
				847AC4D51E028B7A0086BCAA /* Message.m in Sources */,
				84899DA21E03BC3C0082D0B8 /* ExpressPhoneNumViewController.m in Sources */,
				847AC4C11E028A560086BCAA /* AppDelegate.m in Sources */,
				84C23AE41E038D9D00FE5D9D /* Shippers.m in Sources */,
				84899D941E03B83B0082D0B8 /* ExpressPhoneNum.m in Sources */,
				847AC4DC1E0292830086BCAA /* TableViewCell.m in Sources */,
				847AC4BE1E028A560086BCAA /* main.m in Sources */,
				84C23ADF1E038B2D00FE5D9D /* FirstViewController.m in Sources */,
				84899DD21E03CDFE0082D0B8 /* FMDatabasePool.m in Sources */,
				84899DD31E03CDFE0082D0B8 /* FMDatabaseQueue.m in Sources */,
			);
			runOnlyForDeploymentPostprocessing = 0;
		};
/* End PBXSourcesBuildPhase section */

/* Begin PBXVariantGroup section */
		847AC4C51E028A560086BCAA /* Main.storyboard */ = {
			isa = PBXVariantGroup;
			children = (
				847AC4C61E028A560086BCAA /* Base */,
			);
			name = Main.storyboard;
			sourceTree = "<group>";
		};
		847AC4CA1E028A560086BCAA /* LaunchScreen.storyboard */ = {
			isa = PBXVariantGroup;
			children = (
				847AC4CB1E028A560086BCAA /* Base */,
			);
			name = LaunchScreen.storyboard;
			sourceTree = "<group>";
		};
/* End PBXVariantGroup section */

/* Begin XCBuildConfiguration section */
		847AC4CE1E028A560086BCAA /* Debug */ = {
			isa = XCBuildConfiguration;
			buildSettings = {
				ALWAYS_SEARCH_USER_PATHS = NO;
				CLANG_ANALYZER_NONNULL = YES;
				CLANG_CXX_LANGUAGE_STANDARD = "gnu++0x";
				CLANG_CXX_LIBRARY = "libc++";
				CLANG_ENABLE_MODULES = YES;
				CLANG_ENABLE_OBJC_ARC = YES;
				CLANG_WARN_BOOL_CONVERSION = YES;
				CLANG_WARN_CONSTANT_CONVERSION = YES;
				CLANG_WARN_DIRECT_OBJC_ISA_USAGE = YES_ERROR;
				CLANG_WARN_DOCUMENTATION_COMMENTS = YES;
				CLANG_WARN_EMPTY_BODY = YES;
				CLANG_WARN_ENUM_CONVERSION = YES;
				CLANG_WARN_INFINITE_RECURSION = YES;
				CLANG_WARN_INT_CONVERSION = YES;
				CLANG_WARN_OBJC_ROOT_CLASS = YES_ERROR;
				CLANG_WARN_SUSPICIOUS_MOVE = YES;
				CLANG_WARN_UNREACHABLE_CODE = YES;
				CLANG_WARN__DUPLICATE_METHOD_MATCH = YES;
				"CODE_SIGN_IDENTITY[sdk=iphoneos*]" = "iPhone Developer";
				COPY_PHASE_STRIP = NO;
				DEBUG_INFORMATION_FORMAT = dwarf;
				ENABLE_STRICT_OBJC_MSGSEND = YES;
				ENABLE_TESTABILITY = YES;
				GCC_C_LANGUAGE_STANDARD = gnu99;
				GCC_DYNAMIC_NO_PIC = NO;
				GCC_NO_COMMON_BLOCKS = YES;
				GCC_OPTIMIZATION_LEVEL = 0;
				GCC_PREPROCESSOR_DEFINITIONS = (
					"DEBUG=1",
					"$(inherited)",
				);
				GCC_WARN_64_TO_32_BIT_CONVERSION = YES;
				GCC_WARN_ABOUT_RETURN_TYPE = YES_ERROR;
				GCC_WARN_UNDECLARED_SELECTOR = YES;
				GCC_WARN_UNINITIALIZED_AUTOS = YES_AGGRESSIVE;
				GCC_WARN_UNUSED_FUNCTION = YES;
				GCC_WARN_UNUSED_VARIABLE = YES;
				IPHONEOS_DEPLOYMENT_TARGET = 10.2;
				MTL_ENABLE_DEBUG_INFO = YES;
				ONLY_ACTIVE_ARCH = YES;
				SDKROOT = iphoneos;
			};
			name = Debug;
		};
		847AC4CF1E028A560086BCAA /* Release */ = {
			isa = XCBuildConfiguration;
			buildSettings = {
				ALWAYS_SEARCH_USER_PATHS = NO;
				CLANG_ANALYZER_NONNULL = YES;
				CLANG_CXX_LANGUAGE_STANDARD = "gnu++0x";
				CLANG_CXX_LIBRARY = "libc++";
				CLANG_ENABLE_MODULES = YES;
				CLANG_ENABLE_OBJC_ARC = YES;
				CLANG_WARN_BOOL_CONVERSION = YES;
				CLANG_WARN_CONSTANT_CONVERSION = YES;
				CLANG_WARN_DIRECT_OBJC_ISA_USAGE = YES_ERROR;
				CLANG_WARN_DOCUMENTATION_COMMENTS = YES;
				CLANG_WARN_EMPTY_BODY = YES;
				CLANG_WARN_ENUM_CONVERSION = YES;
				CLANG_WARN_INFINITE_RECURSION = YES;
				CLANG_WARN_INT_CONVERSION = YES;
				CLANG_WARN_OBJC_ROOT_CLASS = YES_ERROR;
				CLANG_WARN_SUSPICIOUS_MOVE = YES;
				CLANG_WARN_UNREACHABLE_CODE = YES;
				CLANG_WARN__DUPLICATE_METHOD_MATCH = YES;
				"CODE_SIGN_IDENTITY[sdk=iphoneos*]" = "iPhone Developer";
				COPY_PHASE_STRIP = NO;
				DEBUG_INFORMATION_FORMAT = "dwarf-with-dsym";
				ENABLE_NS_ASSERTIONS = NO;
				ENABLE_STRICT_OBJC_MSGSEND = YES;
				GCC_C_LANGUAGE_STANDARD = gnu99;
				GCC_NO_COMMON_BLOCKS = YES;
				GCC_WARN_64_TO_32_BIT_CONVERSION = YES;
				GCC_WARN_ABOUT_RETURN_TYPE = YES_ERROR;
				GCC_WARN_UNDECLARED_SELECTOR = YES;
				GCC_WARN_UNINITIALIZED_AUTOS = YES_AGGRESSIVE;
				GCC_WARN_UNUSED_FUNCTION = YES;
				GCC_WARN_UNUSED_VARIABLE = YES;
				IPHONEOS_DEPLOYMENT_TARGET = 10.2;
				MTL_ENABLE_DEBUG_INFO = NO;
				SDKROOT = iphoneos;
				VALIDATE_PRODUCT = YES;
			};
			name = Release;
		};
		847AC4D11E028A560086BCAA /* Debug */ = {
			isa = XCBuildConfiguration;
			baseConfigurationReference = A8C4B7379EEE26C980BC1081 /* Pods-快递100.debug.xcconfig */;
			buildSettings = {
				ASSETCATALOG_COMPILER_APPICON_NAME = AppIcon;
				DEVELOPMENT_TEAM = N86962KK4D;
				INFOPLIST_FILE = "快递100/Info.plist";
				LD_RUNPATH_SEARCH_PATHS = "$(inherited) @executable_path/Frameworks";
				PRODUCT_BUNDLE_IDENTIFIER = "com.Ep.--100";
				PRODUCT_NAME = "$(TARGET_NAME)";
			};
			name = Debug;
		};
		847AC4D21E028A560086BCAA /* Release */ = {
			isa = XCBuildConfiguration;
			baseConfigurationReference = 478C580446372DA1E89BA421 /* Pods-快递100.release.xcconfig */;
			buildSettings = {
				ASSETCATALOG_COMPILER_APPICON_NAME = AppIcon;
				DEVELOPMENT_TEAM = N86962KK4D;
				INFOPLIST_FILE = "快递100/Info.plist";
				LD_RUNPATH_SEARCH_PATHS = "$(inherited) @executable_path/Frameworks";
				PRODUCT_BUNDLE_IDENTIFIER = "com.Ep.--100";
				PRODUCT_NAME = "$(TARGET_NAME)";
			};
			name = Release;
		};
/* End XCBuildConfiguration section */

/* Begin XCConfigurationList section */
		847AC4B41E028A560086BCAA /* Build configuration list for PBXProject "快递100" */ = {
			isa = XCConfigurationList;
			buildConfigurations = (
				847AC4CE1E028A560086BCAA /* Debug */,
				847AC4CF1E028A560086BCAA /* Release */,
			);
			defaultConfigurationIsVisible = 0;
			defaultConfigurationName = Release;
		};
		847AC4D01E028A560086BCAA /* Build configuration list for PBXNativeTarget "快递100" */ = {
			isa = XCConfigurationList;
			buildConfigurations = (
				847AC4D11E028A560086BCAA /* Debug */,
				847AC4D21E028A560086BCAA /* Release */,
			);
			defaultConfigurationIsVisible = 0;
			defaultConfigurationName = Release;
		};
/* End XCConfigurationList section */
	};
	rootObject = 847AC4B11E028A560086BCAA /* Project object */;
}
